{
  "name": "todoListWeb",
  "lockfileVersion": 3,
  "requires": true,
  "packages": {
    "": {
      "devDependencies": {
        "concurrently": "file:..."
      }
    },
    "...": {
      "dev": true
    },
    "node_modules/concurrently": {
      "resolved": "...",
      "link": true
    }
  }
}
